
Microsoft Visual Studio Solution File, Format Version 12.00
# Visual Studio Version 17
VisualStudioVersion = 17.8.34525.116
MinimumVisualStudioVersion = 10.0.40219.1
Project("{9A19103F-16F7-4668-BE54-9A1E7A4F7556}") = "Api", "src\Api\Api.csproj", "{E995D6CF-AB0C-4412-8A1D-731707E95B9B}"
EndProject
Project("{2150E333-8FDC-42A3-9474-1A3956D46DE8}") = "src", "src", "{FD5F99B5-98FC-4A39-BDB9-266C73CFE58F}"
EndProject
Project("{2150E333-8FDC-42A3-9474-1A3956D46DE8}") = "tests", "tests", "{FDDE1985-9B74-42E6-A46D-C00A3F0AC3A8}"
EndProject
Project("{2150E333-8FDC-42A3-9474-1A3956D46DE8}") = "etc", "etc", "{D6C4459F-FC63-42D3-A41F-0B1E4926D609}"
	ProjectSection(SolutionItems) = preProject
		.dockerignore = .dockerignore
		.gitignore = .gitignore
	EndProjectSection
EndProject
Project("{9A19103F-16F7-4668-BE54-9A1E7A4F7556}") = "Application", "src\Application\Application.csproj", "{11A202F5-479D-4373-9140-5F37113A8641}"
EndProject
Project("{9A19103F-16F7-4668-BE54-9A1E7A4F7556}") = "Persistence", "src\Persistence\Persistence.csproj", "{BE096677-E52E-44FD-9D4F-018D055A6BB7}"
EndProject
Project("{9A19103F-16F7-4668-BE54-9A1E7A4F7556}") = "Domain", "src\Domain\Domain.csproj", "{D8024131-E30F-4CA8-98DD-4D361B26C72A}"
EndProject
Project("{9A19103F-16F7-4668-BE54-9A1E7A4F7556}") = "Integrations", "src\Integrations\Integrations.csproj", "{BF580420-CDCA-4756-91A0-58DBFAF0EC34}"
EndProject
Global
	GlobalSection(SolutionConfigurationPlatforms) = preSolution
		Debug|Any CPU = Debug|Any CPU
		Release|Any CPU = Release|Any CPU
	EndGlobalSection
	GlobalSection(ProjectConfigurationPlatforms) = postSolution
		{E995D6CF-AB0C-4412-8A1D-731707E95B9B}.Debug|Any CPU.ActiveCfg = Debug|Any CPU
		{E995D6CF-AB0C-4412-8A1D-731707E95B9B}.Debug|Any CPU.Build.0 = Debug|Any CPU
		{E995D6CF-AB0C-4412-8A1D-731707E95B9B}.Release|Any CPU.ActiveCfg = Release|Any CPU
		{E995D6CF-AB0C-4412-8A1D-731707E95B9B}.Release|Any CPU.Build.0 = Release|Any CPU
		{11A202F5-479D-4373-9140-5F37113A8641}.Debug|Any CPU.ActiveCfg = Debug|Any CPU
		{11A202F5-479D-4373-9140-5F37113A8641}.Debug|Any CPU.Build.0 = Debug|Any CPU
		{11A202F5-479D-4373-9140-5F37113A8641}.Release|Any CPU.ActiveCfg = Release|Any CPU
		{11A202F5-479D-4373-9140-5F37113A8641}.Release|Any CPU.Build.0 = Release|Any CPU
		{BE096677-E52E-44FD-9D4F-018D055A6BB7}.Debug|Any CPU.ActiveCfg = Debug|Any CPU
		{BE096677-E52E-44FD-9D4F-018D055A6BB7}.Debug|Any CPU.Build.0 = Debug|Any CPU
		{BE096677-E52E-44FD-9D4F-018D055A6BB7}.Release|Any CPU.ActiveCfg = Release|Any CPU
		{BE096677-E52E-44FD-9D4F-018D055A6BB7}.Release|Any CPU.Build.0 = Release|Any CPU
		{D8024131-E30F-4CA8-98DD-4D361B26C72A}.Debug|Any CPU.ActiveCfg = Debug|Any CPU
		{D8024131-E30F-4CA8-98DD-4D361B26C72A}.Debug|Any CPU.Build.0 = Debug|Any CPU
		{D8024131-E30F-4CA8-98DD-4D361B26C72A}.Release|Any CPU.ActiveCfg = Release|Any CPU
		{D8024131-E30F-4CA8-98DD-4D361B26C72A}.Release|Any CPU.Build.0 = Release|Any CPU
		{BF580420-CDCA-4756-91A0-58DBFAF0EC34}.Debug|Any CPU.ActiveCfg = Debug|Any CPU
		{BF580420-CDCA-4756-91A0-58DBFAF0EC34}.Debug|Any CPU.Build.0 = Debug|Any CPU
		{BF580420-CDCA-4756-91A0-58DBFAF0EC34}.Release|Any CPU.ActiveCfg = Release|Any CPU
		{BF580420-CDCA-4756-91A0-58DBFAF0EC34}.Release|Any CPU.Build.0 = Release|Any CPU
	EndGlobalSection
	GlobalSection(SolutionProperties) = preSolution
		HideSolutionNode = FALSE
	EndGlobalSection
	GlobalSection(NestedProjects) = preSolution
		{E995D6CF-AB0C-4412-8A1D-731707E95B9B} = {FD5F99B5-98FC-4A39-BDB9-266C73CFE58F}
		{11A202F5-479D-4373-9140-5F37113A8641} = {FD5F99B5-98FC-4A39-BDB9-266C73CFE58F}
		{BE096677-E52E-44FD-9D4F-018D055A6BB7} = {FD5F99B5-98FC-4A39-BDB9-266C73CFE58F}
		{D8024131-E30F-4CA8-98DD-4D361B26C72A} = {FD5F99B5-98FC-4A39-BDB9-266C73CFE58F}
		{BF580420-CDCA-4756-91A0-58DBFAF0EC34} = {FD5F99B5-98FC-4A39-BDB9-266C73CFE58F}
	EndGlobalSection
	GlobalSection(ExtensibilityGlobals) = postSolution
		SolutionGuid = {0DD6C78B-F903-4C93-B424-6BD2C19C9009}
	EndGlobalSection
EndGlobal
